// !$*UTF8*$!
{
	archiveVersion = 1;
	classes = {
	};
	objectVersion = 46;
	objects = {

/* Begin PBXBuildFile section */
		B4ECE70B1E286370008283BD /* main.m in Sources */ = {isa = PBXBuildFile; fileRef = B4ECE70A1E286370008283BD /* main.m */; };
		B4ECE70E1E286370008283BD /* AppDelegate.m in Sources */ = {isa = PBXBuildFile; fileRef = B4ECE70D1E286370008283BD /* AppDelegate.m */; };
		B4ECE7111E286370008283BD /* ViewController.m in Sources */ = {isa = PBXBuildFile; fileRef = B4ECE7101E286370008283BD /* ViewController.m */; };
		B4ECE7141E286370008283BD /* Main.storyboard in Resources */ = {isa = PBXBuildFile; fileRef = B4ECE7121E286370008283BD /* Main.storyboard */; };
		B4ECE7161E286370008283BD /* Assets.xcassets in Resources */ = {isa = PBXBuildFile; fileRef = B4ECE7151E286370008283BD /* Assets.xcassets */; };
		B4ECE7191E286370008283BD /* LaunchScreen.storyboard in Resources */ = {isa = PBXBuildFile; fileRef = B4ECE7171E286370008283BD /* LaunchScreen.storyboard */; };
		B4ECE7221E2863A4008283BD /* Person.m in Sources */ = {isa = PBXBuildFile; fileRef = B4ECE7211E2863A4008283BD /* Person.m */; };
		B4ECE7251E28CC87008283BD /* NSObject+Model.m in Sources */ = {isa = PBXBuildFile; fileRef = B4ECE7241E28CC87008283BD /* NSObject+Model.m */; };
/* End PBXBuildFile section */

/* Begin PBXFileReference section */
		B4ECE7061E286370008283BD /* Runtime.app */ = {isa = PBXFileReference; explicitFileType = wrapper.application; includeInIndex = 0; path = Runtime.app; sourceTree = BUILT_PRODUCTS_DIR; };
		B4ECE70A1E286370008283BD /* main.m */ = {isa = PBXFileReference; lastKnownFileType = sourcecode.c.objc; path = main.m; sourceTree = "<group>"; };
		B4ECE70C1E286370008283BD /* AppDelegate.h */ = {isa = PBXFileReference; lastKnownFileType = sourcecode.c.h; path = AppDelegate.h; sourceTree = "<group>"; };
		B4ECE70D1E286370008283BD /* AppDelegate.m */ = {isa = PBXFileReference; lastKnownFileType = sourcecode.c.objc; path = AppDelegate.m; sourceTree = "<group>"; };
		B4ECE70F1E286370008283BD /* ViewController.h */ = {isa = PBXFileReference; lastKnownFileType = sourcecode.c.h; path = ViewController.h; sourceTree = "<group>"; };
		B4ECE7101E286370008283BD /* ViewController.m */ = {isa = PBXFileReference; lastKnownFileType = sourcecode.c.objc; path = ViewController.m; sourceTree = "<group>"; };
		B4ECE7131E286370008283BD /* Base */ = {isa = PBXFileReference; lastKnownFileType = file.storyboard; name = Base; path = Base.lproj/Main.storyboard; sourceTree = "<group>"; };
		B4ECE7151E286370008283BD /* Assets.xcassets */ = {isa = PBXFileReference; lastKnownFileType = folder.assetcatalog; path = Assets.xcassets; sourceTree = "<group>"; };
		B4ECE7181E286370008283BD /* Base */ = {isa = PBXFileReference; lastKnownFileType = file.storyboard; name = Base; path = Base.lproj/LaunchScreen.storyboard; sourceTree = "<group>"; };
		B4ECE71A1E286370008283BD /* Info.plist */ = {isa = PBXFileReference; lastKnownFileType = text.plist.xml; path = Info.plist; sourceTree = "<group>"; };
		B4ECE7201E2863A4008283BD /* Person.h */ = {isa = PBXFileReference; fileEncoding = 4; lastKnownFileType = sourcecode.c.h; path = Person.h; sourceTree = "<group>"; };
		B4ECE7211E2863A4008283BD /* Person.m */ = {isa = PBXFileReference; fileEncoding = 4; lastKnownFileType = sourcecode.c.objc; path = Person.m; sourceTree = "<group>"; };
		B4ECE7231E28CC87008283BD /* NSObject+Model.h */ = {isa = PBXFileReference; fileEncoding = 4; lastKnownFileType = sourcecode.c.h; path = "NSObject+Model.h"; sourceTree = "<group>"; };
		B4ECE7241E28CC87008283BD /* NSObject+Model.m */ = {isa = PBXFileReference; fileEncoding = 4; lastKnownFileType = sourcecode.c.objc; path = "NSObject+Model.m"; sourceTree = "<group>"; };
/* End PBXFileReference section */

/* Begin PBXFrameworksBuildPhase section */
		B4ECE7031E286370008283BD /* Frameworks */ = {
			isa = PBXFrameworksBuildPhase;
			buildActionMask = 2147483647;
			files = (
			);
			runOnlyForDeploymentPostprocessing = 0;
		};
/* End PBXFrameworksBuildPhase section */

/* Begin PBXGroup section */
		B4ECE6FD1E286370008283BD = {
			isa = PBXGroup;
			children = (
				B4ECE7081E286370008283BD /* Runtime */,
				B4ECE7071E286370008283BD /* Products */,
			);
			sourceTree = "<group>";
		};
		B4ECE7071E286370008283BD /* Products */ = {
			isa = PBXGroup;
			children = (
				B4ECE7061E286370008283BD /* Runtime.app */,
			);
			name = Products;
			sourceTree = "<group>";
		};
		B4ECE7081E286370008283BD /* Runtime */ = {
			isa = PBXGroup;
			children = (
				B4ECE70C1E286370008283BD /* AppDelegate.h */,
				B4ECE70D1E286370008283BD /* AppDelegate.m */,
				B4ECE70F1E286370008283BD /* ViewController.h */,
				B4ECE7101E286370008283BD /* ViewController.m */,
				B4ECE7201E2863A4008283BD /* Person.h */,
				B4ECE7211E2863A4008283BD /* Person.m */,
				B4ECE7231E28CC87008283BD /* NSObject+Model.h */,
				B4ECE7241E28CC87008283BD /* NSObject+Model.m */,
				B4ECE7121E286370008283BD /* Main.storyboard */,
				B4ECE7151E286370008283BD /* Assets.xcassets */,
				B4ECE7171E286370008283BD /* LaunchScreen.storyboard */,
				B4ECE71A1E286370008283BD /* Info.plist */,
				B4ECE7091E286370008283BD /* Supporting Files */,
			);
			path = Runtime;
			sourceTree = "<group>";
		};
		B4ECE7091E286370008283BD /* Supporting Files */ = {
			isa = PBXGroup;
			children = (
				B4ECE70A1E286370008283BD /* main.m */,
			);
			name = "Supporting Files";
			sourceTree = "<group>";
		};
/* End PBXGroup section */

/* Begin PBXNativeTarget section */
		B4ECE7051E286370008283BD /* Runtime */ = {
			isa = PBXNativeTarget;
			buildConfigurationList = B4ECE71D1E286370008283BD /* Build configuration list for PBXNativeTarget "Runtime" */;
			buildPhases = (
				B4ECE7021E286370008283BD /* Sources */,
				B4ECE7031E286370008283BD /* Frameworks */,
				B4ECE7041E286370008283BD /* Resources */,
			);
			buildRules = (
			);
			dependencies = (
			);
			name = Runtime;
			productName = Runtime;
			productReference = B4ECE7061E286370008283BD /* Runtime.app */;
			productType = "com.apple.product-type.application";
		};
/* End PBXNativeTarget section */

/* Begin PBXProject section */
		B4ECE6FE1E286370008283BD /* Project object */ = {
			isa = PBXProject;
			attributes = {
				LastUpgradeCheck = 0810;
				ORGANIZATIONNAME = txx;
				TargetAttributes = {
					B4ECE7051E286370008283BD = {
						CreatedOnToolsVersion = 8.1;
						ProvisioningStyle = Automatic;
					};
				};
			};
			buildConfigurationList = B4ECE7011E286370008283BD /* Build configuration list for PBXProject "Runtime" */;
			compatibilityVersion = "Xcode 3.2";
			developmentRegion = English;
			hasScannedForEncodings = 0;
			knownRegions = (
				en,
				Base,
			);
			mainGroup = B4ECE6FD1E286370008283BD;
			productRefGroup = B4ECE7071E286370008283BD /* Products */;
			projectDirPath = "";
			projectRoot = "";
			targets = (
				B4ECE7051E286370008283BD /* Runtime */,
			);
		};
/* End PBXProject section */

/* Begin PBXResourcesBuildPhase section */
		B4ECE7041E286370008283BD /* Resources */ = {
			isa = PBXResourcesBuildPhase;
			buildActionMask = 2147483647;
			files = (
				B4ECE7191E286370008283BD /* LaunchScreen.storyboard in Resources */,
				B4ECE7161E286370008283BD /* Assets.xcassets in Resources */,
				B4ECE7141E286370008283BD /* Main.storyboard in Resources */,
			);
			runOnlyForDeploymentPostprocessing = 0;
		};
/* End PBXResourcesBuildPhase section */

/* Begin PBXSourcesBuildPhase section */
		B4ECE7021E286370008283BD /* Sources */ = {
			isa = PBXSourcesBuildPhase;
			buildActionMask = 2147483647;
			files = (
				B4ECE7111E286370008283BD /* ViewController.m in Sources */,
				B4ECE70E1E286370008283BD /* AppDelegate.m in Sources */,
				B4ECE7221E2863A4008283BD /* Person.m in Sources */,
				B4ECE70B1E286370008283BD /* main.m in Sources */,
				B4ECE7251E28CC87008283BD /* NSObject+Model.m in Sources */,
			);
			runOnlyForDeploymentPostprocessing = 0;
		};
/* End PBXSourcesBuildPhase section */

/* Begin PBXVariantGroup section */
		B4ECE7121E286370008283BD /* Main.storyboard */ = {
			isa = PBXVariantGroup;
			children = (
				B4ECE7131E286370008283BD /* Base */,
			);
			name = Main.storyboard;
			sourceTree = "<group>";
		};
		B4ECE7171E286370008283BD /* LaunchScreen.storyboard */ = {
			isa = PBXVariantGroup;
			children = (
				B4ECE7181E286370008283BD /* Base */,
			);
			name = LaunchScreen.storyboard;
			sourceTree = "<group>";
		};
/* End PBXVariantGroup section */

/* Begin XCBuildConfiguration section */
		B4ECE71B1E286370008283BD /* Debug */ = {
			isa = XCBuildConfiguration;
			buildSettings = {
				ALWAYS_SEARCH_USER_PATHS = NO;
				CLANG_ANALYZER_NONNULL = YES;
				CLANG_CXX_LANGUAGE_STANDARD = "gnu++0x";
				CLANG_CXX_LIBRARY = "libc++";
				CLANG_ENABLE_MODULES = YES;
				CLANG_ENABLE_OBJC_ARC = YES;
				CLANG_WARN_BOOL_CONVERSION = YES;
				CLANG_WARN_CONSTANT_CONVERSION = YES;
				CLANG_WARN_DIRECT_OBJC_ISA_USAGE = YES_ERROR;
				CLANG_WARN_DOCUMENTATION_COMMENTS = YES;
				CLANG_WARN_EMPTY_BODY = YES;
				CLANG_WARN_ENUM_CONVERSION = YES;
				CLANG_WARN_INFINITE_RECURSION = YES;
				CLANG_WARN_INT_CONVERSION = YES;
				CLANG_WARN_OBJC_ROOT_CLASS = YES_ERROR;
				CLANG_WARN_SUSPICIOUS_MOVES = YES;
				CLANG_WARN_UNREACHABLE_CODE = YES;
				CLANG_WARN__DUPLICATE_METHOD_MATCH = YES;
				"CODE_SIGN_IDENTITY[sdk=iphoneos*]" = "iPhone Developer";
				COPY_PHASE_STRIP = NO;
				DEBUG_INFORMATION_FORMAT = dwarf;
				ENABLE_STRICT_OBJC_MSGSEND = YES;
				ENABLE_TESTABILITY = YES;
				GCC_C_LANGUAGE_STANDARD = gnu99;
				GCC_DYNAMIC_NO_PIC = NO;
				GCC_NO_COMMON_BLOCKS = YES;
				GCC_OPTIMIZATION_LEVEL = 0;
				GCC_PREPROCESSOR_DEFINITIONS = (
					"DEBUG=1",
					"$(inherited)",
				);
				GCC_WARN_64_TO_32_BIT_CONVERSION = YES;
				GCC_WARN_ABOUT_RETURN_TYPE = YES_ERROR;
				GCC_WARN_UNDECLARED_SELECTOR = YES;
				GCC_WARN_UNINITIALIZED_AUTOS = YES_AGGRESSIVE;
				GCC_WARN_UNUSED_FUNCTION = YES;
				GCC_WARN_UNUSED_VARIABLE = YES;
				IPHONEOS_DEPLOYMENT_TARGET = 10.1;
				MTL_ENABLE_DEBUG_INFO = YES;
				ONLY_ACTIVE_ARCH = YES;
				SDKROOT = iphoneos;
			};
			name = Debug;
		};
		B4ECE71C1E286370008283BD /* Release */ = {
			isa = XCBuildConfiguration;
			buildSettings = {
				ALWAYS_SEARCH_USER_PATHS = NO;
				CLANG_ANALYZER_NONNULL = YES;
				CLANG_CXX_LANGUAGE_STANDARD = "gnu++0x";
				CLANG_CXX_LIBRARY = "libc++";
				CLANG_ENABLE_MODULES = YES;
				CLANG_ENABLE_OBJC_ARC = YES;
				CLANG_WARN_BOOL_CONVERSION = YES;
				CLANG_WARN_CONSTANT_CONVERSION = YES;
				CLANG_WARN_DIRECT_OBJC_ISA_USAGE = YES_ERROR;
				CLANG_WARN_DOCUMENTATION_COMMENTS = YES;
				CLANG_WARN_EMPTY_BODY = YES;
				CLANG_WARN_ENUM_CONVERSION = YES;
				CLANG_WARN_INFINITE_RECURSION = YES;
				CLANG_WARN_INT_CONVERSION = YES;
				CLANG_WARN_OBJC_ROOT_CLASS = YES_ERROR;
				CLANG_WARN_SUSPICIOUS_MOVES = YES;
				CLANG_WARN_UNREACHABLE_CODE = YES;
				CLANG_WARN__DUPLICATE_METHOD_MATCH = YES;
				"CODE_SIGN_IDENTITY[sdk=iphoneos*]" = "iPhone Developer";
				COPY_PHASE_STRIP = NO;
				DEBUG_INFORMATION_FORMAT = "dwarf-with-dsym";
				ENABLE_NS_ASSERTIONS = NO;
				ENABLE_STRICT_OBJC_MSGSEND = YES;
				GCC_C_LANGUAGE_STANDARD = gnu99;
				GCC_NO_COMMON_BLOCKS = YES;
				GCC_WARN_64_TO_32_BIT_CONVERSION = YES;
				GCC_WARN_ABOUT_RETURN_TYPE = YES_ERROR;
				GCC_WARN_UNDECLARED_SELECTOR = YES;
				GCC_WARN_UNINITIALIZED_AUTOS = YES_AGGRESSIVE;
				GCC_WARN_UNUSED_FUNCTION = YES;
				GCC_WARN_UNUSED_VARIABLE = YES;
				IPHONEOS_DEPLOYMENT_TARGET = 10.1;
				MTL_ENABLE_DEBUG_INFO = NO;
				SDKROOT = iphoneos;
				VALIDATE_PRODUCT = YES;
			};
			name = Release;
		};
		B4ECE71E1E286370008283BD /* Debug */ = {
			isa = XCBuildConfiguration;
			buildSettings = {
				ASSETCATALOG_COMPILER_APPICON_NAME = AppIcon;
				INFOPLIST_FILE = Runtime/Info.plist;
				LD_RUNPATH_SEARCH_PATHS = "$(inherited) @executable_path/Frameworks";
				PRODUCT_BUNDLE_IDENTIFIER = com.51jk.Runtime;
				PRODUCT_NAME = "$(TARGET_NAME)";
			};
			name = Debug;
		};
		B4ECE71F1E286370008283BD /* Release */ = {
			isa = XCBuildConfiguration;
			buildSettings = {
				ASSETCATALOG_COMPILER_APPICON_NAME = AppIcon;
				INFOPLIST_FILE = Runtime/Info.plist;
				LD_RUNPATH_SEARCH_PATHS = "$(inherited) @executable_path/Frameworks";
				PRODUCT_BUNDLE_IDENTIFIER = com.51jk.Runtime;
				PRODUCT_NAME = "$(TARGET_NAME)";
			};
			name = Release;
		};
/* End XCBuildConfiguration section */

/* Begin XCConfigurationList section */
		B4ECE7011E286370008283BD /* Build configuration list for PBXProject "Runtime" */ = {
			isa = XCConfigurationList;
			buildConfigurations = (
				B4ECE71B1E286370008283BD /* Debug */,
				B4ECE71C1E286370008283BD /* Release */,
			);
			defaultConfigurationIsVisible = 0;
			defaultConfigurationName = Release;
		};
		B4ECE71D1E286370008283BD /* Build configuration list for PBXNativeTarget "Runtime" */ = {
			isa = XCConfigurationList;
			buildConfigurations = (
				B4ECE71E1E286370008283BD /* Debug */,
				B4ECE71F1E286370008283BD /* Release */,
			);
			defaultConfigurationIsVisible = 0;
		};
/* End XCConfigurationList section */
	};
	rootObject = B4ECE6FE1E286370008283BD /* Project object */;
}
